<?xml version="1.0" encoding="utf-8"?>
<Project ToolsVersion="4.0" xmlns="http://schemas.microsoft.com/developer/msbuild/2003">
  <ItemGroup>
    <Filter Include="ソース ファイル">
      <UniqueIdentifier>{4FC737F1-C7A5-4376-A066-2A32D752A2FF}</UniqueIdentifier>
      <Extensions>cpp;c;cc;cxx;c++;cppm;ixx;def;odl;idl;hpj;bat;asm;asmx</Extensions>
    </Filter>
    <Filter Include="ヘッダー ファイル">
      <UniqueIdentifier>{93995380-89BD-4b04-88EB-625FBE52EBFB}</UniqueIdentifier>
      <Extensions>h;hh;hpp;hxx;h++;hm;inl;inc;ipp;xsd</Extensions>
    </Filter>
    <Filter Include="リソース ファイル">
      <UniqueIdentifier>{67DA6AB6-F800-4c08-8B7A-83BB121AAD01}</UniqueIdentifier>
      <Extensions>rc;ico;cur;bmp;dlg;rc2;rct;bin;rgs;gif;jpg;jpeg;jpe;resx;tiff;tif;png;wav;mfcribbon-ms</Extensions>
    </Filter>
    <Filter Include="ソース ファイル\Debug">
      <UniqueIdentifier>{2c008987-1deb-4001-9908-90e6a3343f8e}</UniqueIdentifier>
    </Filter>
    <Filter Include="ソース ファイル\Image">
      <UniqueIdentifier>{c4006bce-035c-4f03-bd5f-8280d1415c3e}</UniqueIdentifier>
    </Filter>
    <Filter Include="ソース ファイル\InputAudio">
      <UniqueIdentifier>{a8c9165c-f360-46b5-91a7-2ba079f9f928}</UniqueIdentifier>
    </Filter>
    <Filter Include="ソース ファイル\Scene">
      <UniqueIdentifier>{8b3d883d-f0b6-40ab-973b-61525d54b9e5}</UniqueIdentifier>
    </Filter>
    <Filter Include="ソース ファイル\Scene\SceneFactory">
      <UniqueIdentifier>{6e954307-4338-4d09-8923-e1b365c06cf4}</UniqueIdentifier>
    </Filter>
    <Filter Include="ソース ファイル\Scene\DrawCharacter">
      <UniqueIdentifier>{87425668-7fec-4b19-9844-969685902818}</UniqueIdentifier>
    </Filter>
    <Filter Include="ソース ファイル\Scene\AudioSourceSelect">
      <UniqueIdentifier>{1866a490-5256-450e-a7e3-d5902931c759}</UniqueIdentifier>
    </Filter>
  </ItemGroup>
  <ItemGroup>
    <ClCompile Include="Main.cpp">
      <Filter>ソース ファイル</Filter>
    </ClCompile>
    <ClCompile Include="Debug.cpp">
      <Filter>ソース ファイル\Debug</Filter>
    </ClCompile>
    <ClCompile Include="Image.cpp">
      <Filter>ソース ファイル\Image</Filter>
    </ClCompile>
    <ClCompile Include="InputAudio.cpp">
      <Filter>ソース ファイル\InputAudio</Filter>
    </ClCompile>
    <ClCompile Include="SceneFactory.cpp">
      <Filter>ソース ファイル\Scene\SceneFactory</Filter>
    </ClCompile>
    <ClCompile Include="DrawCharacter.cpp">
      <Filter>ソース ファイル\Scene\DrawCharacter</Filter>
    </ClCompile>
    <ClCompile Include="AudioSourceSelect.cpp">
      <Filter>ソース ファイル\Scene\AudioSourceSelect</Filter>
    </ClCompile>
  </ItemGroup>
  <ItemGroup>
    <ClInclude Include="Debug.h">
      <Filter>ソース ファイル\Debug</Filter>
    </ClInclude>
    <ClInclude Include="Image.h">
      <Filter>ソース ファイル\Image</Filter>
    </ClInclude>
    <ClInclude Include="InputAudio.h">
      <Filter>ソース ファイル\InputAudio</Filter>
    </ClInclude>
    <ClInclude Include="IScene.h">
      <Filter>ソース ファイル\Scene</Filter>
    </ClInclude>
    <ClInclude Include="WindowProperty.h">
      <Filter>ソース ファイル</Filter>
    </ClInclude>
    <ClInclude Include="SceneFactory.h">
      <Filter>ソース ファイル\Scene\SceneFactory</Filter>
    </ClInclude>
    <ClInclude Include="DrawCharacter.h">
      <Filter>ソース ファイル\Scene\DrawCharacter</Filter>
    </ClInclude>
    <ClInclude Include="AudioSourceSelect.h">
      <Filter>ソース ファイル\Scene\AudioSourceSelect</Filter>
    </ClInclude>
  </ItemGroup>
</Project>